// !$*UTF8*$!
{
	archiveVersion = 1;
	classes = {
	};
	objectVersion = 55;
	objects = {

/* Begin PBXBuildFile section */
		18E2CE4227799D2300E1F5F3 /* main.c in Sources */ = {isa = PBXBuildFile; fileRef = 18E2CE4127799D2300E1F5F3 /* main.c */; };
		18E2CE4B2779A0F400E1F5F3 /* chunk.c in Sources */ = {isa = PBXBuildFile; fileRef = 18E2CE4A2779A0F300E1F5F3 /* chunk.c */; };
		18E2CE4E2779A31B00E1F5F3 /* memory.c in Sources */ = {isa = PBXBuildFile; fileRef = 18E2CE4D2779A31B00E1F5F3 /* memory.c */; };
		18E2CE512779A4A300E1F5F3 /* debug.c in Sources */ = {isa = PBXBuildFile; fileRef = 18E2CE502779A4A300E1F5F3 /* debug.c */; };
		18E2CE542779A77300E1F5F3 /* value.c in Sources */ = {isa = PBXBuildFile; fileRef = 18E2CE532779A77300E1F5F3 /* value.c */; };
		18E2CE582779B5BD00E1F5F3 /* vm.c in Sources */ = {isa = PBXBuildFile; fileRef = 18E2CE572779B5BD00E1F5F3 /* vm.c */; };
		18E2CE5B2779D5AB00E1F5F3 /* compiler.c in Sources */ = {isa = PBXBuildFile; fileRef = 18E2CE5A2779D5AA00E1F5F3 /* compiler.c */; };
		18E2CE5E2779D5C800E1F5F3 /* scanner.c in Sources */ = {isa = PBXBuildFile; fileRef = 18E2CE5D2779D5C800E1F5F3 /* scanner.c */; };
/* End PBXBuildFile section */

/* Begin PBXCopyFilesBuildPhase section */
		18E2CE3C27799D2300E1F5F3 /* CopyFiles */ = {
			isa = PBXCopyFilesBuildPhase;
			buildActionMask = 2147483647;
			dstPath = /usr/share/man/man1/;
			dstSubfolderSpec = 0;
			files = (
			);
			runOnlyForDeploymentPostprocessing = 1;
		};
/* End PBXCopyFilesBuildPhase section */

/* Begin PBXFileReference section */
		18E2CE3E27799D2300E1F5F3 /* clox */ = {isa = PBXFileReference; explicitFileType = "compiled.mach-o.executable"; includeInIndex = 0; path = clox; sourceTree = BUILT_PRODUCTS_DIR; };
		18E2CE4127799D2300E1F5F3 /* main.c */ = {isa = PBXFileReference; lastKnownFileType = sourcecode.c.c; path = main.c; sourceTree = "<group>"; };
		18E2CE4827799D5F00E1F5F3 /* common.h */ = {isa = PBXFileReference; lastKnownFileType = sourcecode.c.h; path = common.h; sourceTree = "<group>"; };
		18E2CE4927799E1200E1F5F3 /* chunk.h */ = {isa = PBXFileReference; lastKnownFileType = sourcecode.c.h; path = chunk.h; sourceTree = "<group>"; };
		18E2CE4A2779A0F300E1F5F3 /* chunk.c */ = {isa = PBXFileReference; lastKnownFileType = sourcecode.c.c; path = chunk.c; sourceTree = "<group>"; };
		18E2CE4C2779A22700E1F5F3 /* memory.h */ = {isa = PBXFileReference; lastKnownFileType = sourcecode.c.h; path = memory.h; sourceTree = "<group>"; };
		18E2CE4D2779A31B00E1F5F3 /* memory.c */ = {isa = PBXFileReference; lastKnownFileType = sourcecode.c.c; path = memory.c; sourceTree = "<group>"; };
		18E2CE4F2779A48000E1F5F3 /* debug.h */ = {isa = PBXFileReference; lastKnownFileType = sourcecode.c.h; path = debug.h; sourceTree = "<group>"; };
		18E2CE502779A4A300E1F5F3 /* debug.c */ = {isa = PBXFileReference; lastKnownFileType = sourcecode.c.c; path = debug.c; sourceTree = "<group>"; };
		18E2CE522779A6E000E1F5F3 /* value.h */ = {isa = PBXFileReference; lastKnownFileType = sourcecode.c.h; path = value.h; sourceTree = "<group>"; };
		18E2CE532779A77300E1F5F3 /* value.c */ = {isa = PBXFileReference; lastKnownFileType = sourcecode.c.c; path = value.c; sourceTree = "<group>"; };
		18E2CE552779AFD100E1F5F3 /* README.md */ = {isa = PBXFileReference; lastKnownFileType = net.daringfireball.markdown; path = README.md; sourceTree = "<group>"; };
		18E2CE562779B22200E1F5F3 /* vm.h */ = {isa = PBXFileReference; lastKnownFileType = sourcecode.c.h; path = vm.h; sourceTree = "<group>"; };
		18E2CE572779B5BD00E1F5F3 /* vm.c */ = {isa = PBXFileReference; lastKnownFileType = sourcecode.c.c; path = vm.c; sourceTree = "<group>"; };
		18E2CE592779D57800E1F5F3 /* compiler.h */ = {isa = PBXFileReference; lastKnownFileType = sourcecode.c.h; path = compiler.h; sourceTree = "<group>"; };
		18E2CE5A2779D5AA00E1F5F3 /* compiler.c */ = {isa = PBXFileReference; lastKnownFileType = sourcecode.c.c; path = compiler.c; sourceTree = "<group>"; };
		18E2CE5C2779D5C800E1F5F3 /* scanner.h */ = {isa = PBXFileReference; lastKnownFileType = sourcecode.c.h; path = scanner.h; sourceTree = "<group>"; };
		18E2CE5D2779D5C800E1F5F3 /* scanner.c */ = {isa = PBXFileReference; lastKnownFileType = sourcecode.c.c; path = scanner.c; sourceTree = "<group>"; };
/* End PBXFileReference section */

/* Begin PBXFrameworksBuildPhase section */
		18E2CE3B27799D2300E1F5F3 /* Frameworks */ = {
			isa = PBXFrameworksBuildPhase;
			buildActionMask = 2147483647;
			files = (
			);
			runOnlyForDeploymentPostprocessing = 0;
		};
/* End PBXFrameworksBuildPhase section */

/* Begin PBXGroup section */
		18E2CE3527799D2300E1F5F3 = {
			isa = PBXGroup;
			children = (
				18E2CE4A2779A0F300E1F5F3 /* chunk.c */,
				18E2CE4927799E1200E1F5F3 /* chunk.h */,
				18E2CE4827799D5F00E1F5F3 /* common.h */,
				18E2CE502779A4A300E1F5F3 /* debug.c */,
				18E2CE4F2779A48000E1F5F3 /* debug.h */,
				18E2CE4127799D2300E1F5F3 /* main.c */,
				18E2CE562779B22200E1F5F3 /* vm.h */,
				18E2CE572779B5BD00E1F5F3 /* vm.c */,
				18E2CE4D2779A31B00E1F5F3 /* memory.c */,
				18E2CE592779D57800E1F5F3 /* compiler.h */,
				18E2CE5A2779D5AA00E1F5F3 /* compiler.c */,
				18E2CE5C2779D5C800E1F5F3 /* scanner.h */,
				18E2CE5D2779D5C800E1F5F3 /* scanner.c */,
				18E2CE4C2779A22700E1F5F3 /* memory.h */,
				18E2CE3F27799D2300E1F5F3 /* Products */,
				18E2CE552779AFD100E1F5F3 /* README.md */,
				18E2CE532779A77300E1F5F3 /* value.c */,
				18E2CE522779A6E000E1F5F3 /* value.h */,
			);
			sourceTree = "<group>";
		};
		18E2CE3F27799D2300E1F5F3 /* Products */ = {
			isa = PBXGroup;
			children = (
				18E2CE3E27799D2300E1F5F3 /* clox */,
			);
			name = Products;
			sourceTree = "<group>";
		};
/* End PBXGroup section */

/* Begin PBXNativeTarget section */
		18E2CE3D27799D2300E1F5F3 /* clox */ = {
			isa = PBXNativeTarget;
			buildConfigurationList = 18E2CE4527799D2300E1F5F3 /* Build configuration list for PBXNativeTarget "clox" */;
			buildPhases = (
				18E2CE3A27799D2300E1F5F3 /* Sources */,
				18E2CE3B27799D2300E1F5F3 /* Frameworks */,
				18E2CE3C27799D2300E1F5F3 /* CopyFiles */,
			);
			buildRules = (
			);
			dependencies = (
			);
			name = clox;
			productName = clox;
			productReference = 18E2CE3E27799D2300E1F5F3 /* clox */;
			productType = "com.apple.product-type.tool";
		};
/* End PBXNativeTarget section */

/* Begin PBXProject section */
		18E2CE3627799D2300E1F5F3 /* Project object */ = {
			isa = PBXProject;
			attributes = {
				BuildIndependentTargetsInParallel = 1;
				LastUpgradeCheck = 1310;
				TargetAttributes = {
					18E2CE3D27799D2300E1F5F3 = {
						CreatedOnToolsVersion = 13.1;
					};
				};
			};
			buildConfigurationList = 18E2CE3927799D2300E1F5F3 /* Build configuration list for PBXProject "clox" */;
			compatibilityVersion = "Xcode 13.0";
			developmentRegion = en;
			hasScannedForEncodings = 0;
			knownRegions = (
				en,
				Base,
			);
			mainGroup = 18E2CE3527799D2300E1F5F3;
			productRefGroup = 18E2CE3F27799D2300E1F5F3 /* Products */;
			projectDirPath = "";
			projectRoot = "";
			targets = (
				18E2CE3D27799D2300E1F5F3 /* clox */,
			);
		};
/* End PBXProject section */

/* Begin PBXSourcesBuildPhase section */
		18E2CE3A27799D2300E1F5F3 /* Sources */ = {
			isa = PBXSourcesBuildPhase;
			buildActionMask = 2147483647;
			files = (
				18E2CE542779A77300E1F5F3 /* value.c in Sources */,
				18E2CE4227799D2300E1F5F3 /* main.c in Sources */,
				18E2CE4E2779A31B00E1F5F3 /* memory.c in Sources */,
				18E2CE4B2779A0F400E1F5F3 /* chunk.c in Sources */,
				18E2CE5E2779D5C800E1F5F3 /* scanner.c in Sources */,
				18E2CE5B2779D5AB00E1F5F3 /* compiler.c in Sources */,
				18E2CE582779B5BD00E1F5F3 /* vm.c in Sources */,
				18E2CE512779A4A300E1F5F3 /* debug.c in Sources */,
			);
			runOnlyForDeploymentPostprocessing = 0;
		};
/* End PBXSourcesBuildPhase section */

/* Begin XCBuildConfiguration section */
		18E2CE4327799D2300E1F5F3 /* Debug */ = {
			isa = XCBuildConfiguration;
			buildSettings = {
				ALWAYS_SEARCH_USER_PATHS = NO;
				CLANG_ANALYZER_NONNULL = YES;
				CLANG_ANALYZER_NUMBER_OBJECT_CONVERSION = YES_AGGRESSIVE;
				CLANG_CXX_LANGUAGE_STANDARD = "gnu++17";
				CLANG_CXX_LIBRARY = "libc++";
				CLANG_ENABLE_MODULES = YES;
				CLANG_ENABLE_OBJC_ARC = YES;
				CLANG_ENABLE_OBJC_WEAK = YES;
				CLANG_WARN_BLOCK_CAPTURE_AUTORELEASING = YES;
				CLANG_WARN_BOOL_CONVERSION = YES;
				CLANG_WARN_COMMA = YES;
				CLANG_WARN_CONSTANT_CONVERSION = YES;
				CLANG_WARN_DEPRECATED_OBJC_IMPLEMENTATIONS = YES;
				CLANG_WARN_DIRECT_OBJC_ISA_USAGE = YES_ERROR;
				CLANG_WARN_DOCUMENTATION_COMMENTS = YES;
				CLANG_WARN_EMPTY_BODY = YES;
				CLANG_WARN_ENUM_CONVERSION = YES;
				CLANG_WARN_INFINITE_RECURSION = YES;
				CLANG_WARN_INT_CONVERSION = YES;
				CLANG_WARN_NON_LITERAL_NULL_CONVERSION = YES;
				CLANG_WARN_OBJC_IMPLICIT_RETAIN_SELF = YES;
				CLANG_WARN_OBJC_LITERAL_CONVERSION = YES;
				CLANG_WARN_OBJC_ROOT_CLASS = YES_ERROR;
				CLANG_WARN_QUOTED_INCLUDE_IN_FRAMEWORK_HEADER = YES;
				CLANG_WARN_RANGE_LOOP_ANALYSIS = YES;
				CLANG_WARN_STRICT_PROTOTYPES = YES;
				CLANG_WARN_SUSPICIOUS_MOVE = YES;
				CLANG_WARN_UNGUARDED_AVAILABILITY = YES_AGGRESSIVE;
				CLANG_WARN_UNREACHABLE_CODE = YES;
				CLANG_WARN__DUPLICATE_METHOD_MATCH = YES;
				COPY_PHASE_STRIP = NO;
				DEBUG_INFORMATION_FORMAT = dwarf;
				ENABLE_STRICT_OBJC_MSGSEND = YES;
				ENABLE_TESTABILITY = YES;
				GCC_C_LANGUAGE_STANDARD = gnu11;
				GCC_DYNAMIC_NO_PIC = NO;
				GCC_NO_COMMON_BLOCKS = YES;
				GCC_OPTIMIZATION_LEVEL = 0;
				GCC_PREPROCESSOR_DEFINITIONS = (
					"DEBUG=1",
					"$(inherited)",
				);
				GCC_WARN_64_TO_32_BIT_CONVERSION = YES;
				GCC_WARN_ABOUT_RETURN_TYPE = YES_ERROR;
				GCC_WARN_UNDECLARED_SELECTOR = YES;
				GCC_WARN_UNINITIALIZED_AUTOS = YES_AGGRESSIVE;
				GCC_WARN_UNUSED_FUNCTION = YES;
				GCC_WARN_UNUSED_VARIABLE = YES;
				MACOSX_DEPLOYMENT_TARGET = 12.0;
				MTL_ENABLE_DEBUG_INFO = INCLUDE_SOURCE;
				MTL_FAST_MATH = YES;
				ONLY_ACTIVE_ARCH = YES;
				SDKROOT = macosx;
			};
			name = Debug;
		};
		18E2CE4427799D2300E1F5F3 /* Release */ = {
			isa = XCBuildConfiguration;
			buildSettings = {
				ALWAYS_SEARCH_USER_PATHS = NO;
				CLANG_ANALYZER_NONNULL = YES;
				CLANG_ANALYZER_NUMBER_OBJECT_CONVERSION = YES_AGGRESSIVE;
				CLANG_CXX_LANGUAGE_STANDARD = "gnu++17";
				CLANG_CXX_LIBRARY = "libc++";
				CLANG_ENABLE_MODULES = YES;
				CLANG_ENABLE_OBJC_ARC = YES;
				CLANG_ENABLE_OBJC_WEAK = YES;
				CLANG_WARN_BLOCK_CAPTURE_AUTORELEASING = YES;
				CLANG_WARN_BOOL_CONVERSION = YES;
				CLANG_WARN_COMMA = YES;
				CLANG_WARN_CONSTANT_CONVERSION = YES;
				CLANG_WARN_DEPRECATED_OBJC_IMPLEMENTATIONS = YES;
				CLANG_WARN_DIRECT_OBJC_ISA_USAGE = YES_ERROR;
				CLANG_WARN_DOCUMENTATION_COMMENTS = YES;
				CLANG_WARN_EMPTY_BODY = YES;
				CLANG_WARN_ENUM_CONVERSION = YES;
				CLANG_WARN_INFINITE_RECURSION = YES;
				CLANG_WARN_INT_CONVERSION = YES;
				CLANG_WARN_NON_LITERAL_NULL_CONVERSION = YES;
				CLANG_WARN_OBJC_IMPLICIT_RETAIN_SELF = YES;
				CLANG_WARN_OBJC_LITERAL_CONVERSION = YES;
				CLANG_WARN_OBJC_ROOT_CLASS = YES_ERROR;
				CLANG_WARN_QUOTED_INCLUDE_IN_FRAMEWORK_HEADER = YES;
				CLANG_WARN_RANGE_LOOP_ANALYSIS = YES;
				CLANG_WARN_STRICT_PROTOTYPES = YES;
				CLANG_WARN_SUSPICIOUS_MOVE = YES;
				CLANG_WARN_UNGUARDED_AVAILABILITY = YES_AGGRESSIVE;
				CLANG_WARN_UNREACHABLE_CODE = YES;
				CLANG_WARN__DUPLICATE_METHOD_MATCH = YES;
				COPY_PHASE_STRIP = NO;
				DEBUG_INFORMATION_FORMAT = "dwarf-with-dsym";
				ENABLE_NS_ASSERTIONS = NO;
				ENABLE_STRICT_OBJC_MSGSEND = YES;
				GCC_C_LANGUAGE_STANDARD = gnu11;
				GCC_NO_COMMON_BLOCKS = YES;
				GCC_WARN_64_TO_32_BIT_CONVERSION = YES;
				GCC_WARN_ABOUT_RETURN_TYPE = YES_ERROR;
				GCC_WARN_UNDECLARED_SELECTOR = YES;
				GCC_WARN_UNINITIALIZED_AUTOS = YES_AGGRESSIVE;
				GCC_WARN_UNUSED_FUNCTION = YES;
				GCC_WARN_UNUSED_VARIABLE = YES;
				MACOSX_DEPLOYMENT_TARGET = 12.0;
				MTL_ENABLE_DEBUG_INFO = NO;
				MTL_FAST_MATH = YES;
				SDKROOT = macosx;
			};
			name = Release;
		};
		18E2CE4627799D2300E1F5F3 /* Debug */ = {
			isa = XCBuildConfiguration;
			buildSettings = {
				CODE_SIGN_STYLE = Automatic;
				DEVELOPMENT_TEAM = Y5L944KTN9;
				ENABLE_HARDENED_RUNTIME = YES;
				PRODUCT_NAME = "$(TARGET_NAME)";
			};
			name = Debug;
		};
		18E2CE4727799D2300E1F5F3 /* Release */ = {
			isa = XCBuildConfiguration;
			buildSettings = {
				CODE_SIGN_STYLE = Automatic;
				DEVELOPMENT_TEAM = Y5L944KTN9;
				ENABLE_HARDENED_RUNTIME = YES;
				PRODUCT_NAME = "$(TARGET_NAME)";
			};
			name = Release;
		};
/* End XCBuildConfiguration section */

/* Begin XCConfigurationList section */
		18E2CE3927799D2300E1F5F3 /* Build configuration list for PBXProject "clox" */ = {
			isa = XCConfigurationList;
			buildConfigurations = (
				18E2CE4327799D2300E1F5F3 /* Debug */,
				18E2CE4427799D2300E1F5F3 /* Release */,
			);
			defaultConfigurationIsVisible = 0;
			defaultConfigurationName = Release;
		};
		18E2CE4527799D2300E1F5F3 /* Build configuration list for PBXNativeTarget "clox" */ = {
			isa = XCConfigurationList;
			buildConfigurations = (
				18E2CE4627799D2300E1F5F3 /* Debug */,
				18E2CE4727799D2300E1F5F3 /* Release */,
			);
			defaultConfigurationIsVisible = 0;
			defaultConfigurationName = Release;
		};
/* End XCConfigurationList section */
	};
	rootObject = 18E2CE3627799D2300E1F5F3 /* Project object */;
}
